// !$*UTF8*$!
{
	archiveVersion = 1;
	classes = {
	};
	objectVersion = 56;
	objects = {

/* Begin PBXBuildFile section */
		555D00AC2C650A3400D63128 /* ttakhandaeApp.swift in Sources */ = {isa = PBXBuildFile; fileRef = 555D00AB2C650A3400D63128 /* ttakhandaeApp.swift */; };
		555D00AE2C650A3400D63128 /* MainView.swift in Sources */ = {isa = PBXBuildFile; fileRef = 555D00AD2C650A3400D63128 /* MainView.swift */; };
		555D00B22C650A3500D63128 /* Assets.xcassets in Resources */ = {isa = PBXBuildFile; fileRef = 555D00B12C650A3500D63128 /* Assets.xcassets */; };
		555D00B52C650A3500D63128 /* Preview Assets.xcassets in Resources */ = {isa = PBXBuildFile; fileRef = 555D00B42C650A3500D63128 /* Preview Assets.xcassets */; };
		555D00BE2C6511DE00D63128 /* StartView.swift in Sources */ = {isa = PBXBuildFile; fileRef = 555D00BD2C6511DE00D63128 /* StartView.swift */; };
		5576CE812C6726A300ED2AFD /* PickerView.swift in Sources */ = {isa = PBXBuildFile; fileRef = 5576CE802C6726A300ED2AFD /* PickerView.swift */; };
		5576CE872C672C3E00ED2AFD /* SmokeRecord.swift in Sources */ = {isa = PBXBuildFile; fileRef = 5576CE862C672C3E00ED2AFD /* SmokeRecord.swift */; };
		5576CE8B2C67382300ED2AFD /* CalenderView.swift in Sources */ = {isa = PBXBuildFile; fileRef = 5576CE8A2C67382300ED2AFD /* CalenderView.swift */; };
		5576CE8E2C6738C700ED2AFD /* Date+.swift in Sources */ = {isa = PBXBuildFile; fileRef = 5576CE8D2C6738C700ED2AFD /* Date+.swift */; };
		5576CE912C673A0C00ED2AFD /* SampleData.swift in Sources */ = {isa = PBXBuildFile; fileRef = 5576CE902C673A0C00ED2AFD /* SampleData.swift */; };
/* End PBXBuildFile section */

/* Begin PBXFileReference section */
		555D00A82C650A3400D63128 /* ttakhandae.app */ = {isa = PBXFileReference; explicitFileType = wrapper.application; includeInIndex = 0; path = ttakhandae.app; sourceTree = BUILT_PRODUCTS_DIR; };
		555D00AB2C650A3400D63128 /* ttakhandaeApp.swift */ = {isa = PBXFileReference; lastKnownFileType = sourcecode.swift; path = ttakhandaeApp.swift; sourceTree = "<group>"; };
		555D00AD2C650A3400D63128 /* MainView.swift */ = {isa = PBXFileReference; lastKnownFileType = sourcecode.swift; path = MainView.swift; sourceTree = "<group>"; };
		555D00B12C650A3500D63128 /* Assets.xcassets */ = {isa = PBXFileReference; lastKnownFileType = folder.assetcatalog; path = Assets.xcassets; sourceTree = "<group>"; };
		555D00B42C650A3500D63128 /* Preview Assets.xcassets */ = {isa = PBXFileReference; lastKnownFileType = folder.assetcatalog; path = "Preview Assets.xcassets"; sourceTree = "<group>"; };
		555D00BD2C6511DE00D63128 /* StartView.swift */ = {isa = PBXFileReference; lastKnownFileType = sourcecode.swift; path = StartView.swift; sourceTree = "<group>"; };
		5576CE802C6726A300ED2AFD /* PickerView.swift */ = {isa = PBXFileReference; lastKnownFileType = sourcecode.swift; path = PickerView.swift; sourceTree = "<group>"; };
		5576CE862C672C3E00ED2AFD /* SmokeRecord.swift */ = {isa = PBXFileReference; lastKnownFileType = sourcecode.swift; path = SmokeRecord.swift; sourceTree = "<group>"; };
		5576CE8A2C67382300ED2AFD /* CalenderView.swift */ = {isa = PBXFileReference; lastKnownFileType = sourcecode.swift; path = CalenderView.swift; sourceTree = "<group>"; };
		5576CE8D2C6738C700ED2AFD /* Date+.swift */ = {isa = PBXFileReference; lastKnownFileType = sourcecode.swift; path = "Date+.swift"; sourceTree = "<group>"; };
		5576CE902C673A0C00ED2AFD /* SampleData.swift */ = {isa = PBXFileReference; lastKnownFileType = sourcecode.swift; path = SampleData.swift; sourceTree = "<group>"; };
/* End PBXFileReference section */

/* Begin PBXFrameworksBuildPhase section */
		555D00A52C650A3400D63128 /* Frameworks */ = {
			isa = PBXFrameworksBuildPhase;
			buildActionMask = 2147483647;
			files = (
			);
			runOnlyForDeploymentPostprocessing = 0;
		};
/* End PBXFrameworksBuildPhase section */

/* Begin PBXGroup section */
		555D009F2C650A3400D63128 = {
			isa = PBXGroup;
			children = (
				555D00AA2C650A3400D63128 /* ttakhandae */,
				555D00A92C650A3400D63128 /* Products */,
			);
			sourceTree = "<group>";
		};
		555D00A92C650A3400D63128 /* Products */ = {
			isa = PBXGroup;
			children = (
				555D00A82C650A3400D63128 /* ttakhandae.app */,
			);
			name = Products;
			sourceTree = "<group>";
		};
		555D00AA2C650A3400D63128 /* ttakhandae */ = {
			isa = PBXGroup;
			children = (
				5576CE8F2C673A0100ED2AFD /* Mock */,
				5576CE8C2C6738B200ED2AFD /* utils */,
				5576CE852C672A3300ED2AFD /* Model */,
				5576CE842C672A2600ED2AFD /* View */,
				555D00AB2C650A3400D63128 /* ttakhandaeApp.swift */,
				555D00B12C650A3500D63128 /* Assets.xcassets */,
				555D00B32C650A3500D63128 /* Preview Content */,
			);
			path = ttakhandae;
			sourceTree = "<group>";
		};
		555D00B32C650A3500D63128 /* Preview Content */ = {
			isa = PBXGroup;
			children = (
				555D00B42C650A3500D63128 /* Preview Assets.xcassets */,
			);
			path = "Preview Content";
			sourceTree = "<group>";
		};
		5576CE842C672A2600ED2AFD /* View */ = {
			isa = PBXGroup;
			children = (
				5576CE802C6726A300ED2AFD /* PickerView.swift */,
				555D00BD2C6511DE00D63128 /* StartView.swift */,
				555D00AD2C650A3400D63128 /* MainView.swift */,
				5576CE8A2C67382300ED2AFD /* CalenderView.swift */,
			);
			path = View;
			sourceTree = "<group>";
		};
		5576CE852C672A3300ED2AFD /* Model */ = {
			isa = PBXGroup;
			children = (
				5576CE862C672C3E00ED2AFD /* SmokeRecord.swift */,
			);
			path = Model;
			sourceTree = "<group>";
		};
		5576CE8C2C6738B200ED2AFD /* utils */ = {
			isa = PBXGroup;
			children = (
				5576CE8D2C6738C700ED2AFD /* Date+.swift */,
			);
			path = utils;
			sourceTree = "<group>";
		};
		5576CE8F2C673A0100ED2AFD /* Mock */ = {
			isa = PBXGroup;
			children = (
				5576CE902C673A0C00ED2AFD /* SampleData.swift */,
			);
			path = Mock;
			sourceTree = "<group>";
		};
/* End PBXGroup section */

/* Begin PBXNativeTarget section */
		555D00A72C650A3400D63128 /* ttakhandae */ = {
			isa = PBXNativeTarget;
			buildConfigurationList = 555D00B82C650A3500D63128 /* Build configuration list for PBXNativeTarget "ttakhandae" */;
			buildPhases = (
				555D00A42C650A3400D63128 /* Sources */,
				555D00A52C650A3400D63128 /* Frameworks */,
				555D00A62C650A3400D63128 /* Resources */,
			);
			buildRules = (
			);
			dependencies = (
			);
			name = ttakhandae;
			productName = ttakhandae;
			productReference = 555D00A82C650A3400D63128 /* ttakhandae.app */;
			productType = "com.apple.product-type.application";
		};
/* End PBXNativeTarget section */

/* Begin PBXProject section */
		555D00A02C650A3400D63128 /* Project object */ = {
			isa = PBXProject;
			attributes = {
				BuildIndependentTargetsInParallel = 1;
				LastSwiftUpdateCheck = 1540;
				LastUpgradeCheck = 1540;
				TargetAttributes = {
					555D00A72C650A3400D63128 = {
						CreatedOnToolsVersion = 15.4;
					};
				};
			};
			buildConfigurationList = 555D00A32C650A3400D63128 /* Build configuration list for PBXProject "ttakhandae" */;
			compatibilityVersion = "Xcode 14.0";
			developmentRegion = en;
			hasScannedForEncodings = 0;
			knownRegions = (
				en,
				Base,
			);
			mainGroup = 555D009F2C650A3400D63128;
			productRefGroup = 555D00A92C650A3400D63128 /* Products */;
			projectDirPath = "";
			projectRoot = "";
			targets = (
				555D00A72C650A3400D63128 /* ttakhandae */,
			);
		};
/* End PBXProject section */

/* Begin PBXResourcesBuildPhase section */
		555D00A62C650A3400D63128 /* Resources */ = {
			isa = PBXResourcesBuildPhase;
			buildActionMask = 2147483647;
			files = (
				555D00B52C650A3500D63128 /* Preview Assets.xcassets in Resources */,
				555D00B22C650A3500D63128 /* Assets.xcassets in Resources */,
			);
			runOnlyForDeploymentPostprocessing = 0;
		};
/* End PBXResourcesBuildPhase section */

/* Begin PBXSourcesBuildPhase section */
		555D00A42C650A3400D63128 /* Sources */ = {
			isa = PBXSourcesBuildPhase;
			buildActionMask = 2147483647;
			files = (
				5576CE8E2C6738C700ED2AFD /* Date+.swift in Sources */,
				5576CE812C6726A300ED2AFD /* PickerView.swift in Sources */,
				5576CE872C672C3E00ED2AFD /* SmokeRecord.swift in Sources */,
				5576CE8B2C67382300ED2AFD /* CalenderView.swift in Sources */,
				555D00BE2C6511DE00D63128 /* StartView.swift in Sources */,
				555D00AE2C650A3400D63128 /* MainView.swift in Sources */,
				555D00AC2C650A3400D63128 /* ttakhandaeApp.swift in Sources */,
				5576CE912C673A0C00ED2AFD /* SampleData.swift in Sources */,
			);
			runOnlyForDeploymentPostprocessing = 0;
		};
/* End PBXSourcesBuildPhase section */

/* Begin XCBuildConfiguration section */
		555D00B62C650A3500D63128 /* Debug */ = {
			isa = XCBuildConfiguration;
			buildSettings = {
				ALWAYS_SEARCH_USER_PATHS = NO;
				ASSETCATALOG_COMPILER_GENERATE_SWIFT_ASSET_SYMBOL_EXTENSIONS = YES;
				CLANG_ANALYZER_NONNULL = YES;
				CLANG_ANALYZER_NUMBER_OBJECT_CONVERSION = YES_AGGRESSIVE;
				CLANG_CXX_LANGUAGE_STANDARD = "gnu++20";
				CLANG_ENABLE_MODULES = YES;
				CLANG_ENABLE_OBJC_ARC = YES;
				CLANG_ENABLE_OBJC_WEAK = YES;
				CLANG_WARN_BLOCK_CAPTURE_AUTORELEASING = YES;
				CLANG_WARN_BOOL_CONVERSION = YES;
				CLANG_WARN_COMMA = YES;
				CLANG_WARN_CONSTANT_CONVERSION = YES;
				CLANG_WARN_DEPRECATED_OBJC_IMPLEMENTATIONS = YES;
				CLANG_WARN_DIRECT_OBJC_ISA_USAGE = YES_ERROR;
				CLANG_WARN_DOCUMENTATION_COMMENTS = YES;
				CLANG_WARN_EMPTY_BODY = YES;
				CLANG_WARN_ENUM_CONVERSION = YES;
				CLANG_WARN_INFINITE_RECURSION = YES;
				CLANG_WARN_INT_CONVERSION = YES;
				CLANG_WARN_NON_LITERAL_NULL_CONVERSION = YES;
				CLANG_WARN_OBJC_IMPLICIT_RETAIN_SELF = YES;
				CLANG_WARN_OBJC_LITERAL_CONVERSION = YES;
				CLANG_WARN_OBJC_ROOT_CLASS = YES_ERROR;
				CLANG_WARN_QUOTED_INCLUDE_IN_FRAMEWORK_HEADER = YES;
				CLANG_WARN_RANGE_LOOP_ANALYSIS = YES;
				CLANG_WARN_STRICT_PROTOTYPES = YES;
				CLANG_WARN_SUSPICIOUS_MOVE = YES;
				CLANG_WARN_UNGUARDED_AVAILABILITY = YES_AGGRESSIVE;
				CLANG_WARN_UNREACHABLE_CODE = YES;
				CLANG_WARN__DUPLICATE_METHOD_MATCH = YES;
				COPY_PHASE_STRIP = NO;
				DEBUG_INFORMATION_FORMAT = dwarf;
				ENABLE_STRICT_OBJC_MSGSEND = YES;
				ENABLE_TESTABILITY = YES;
				ENABLE_USER_SCRIPT_SANDBOXING = YES;
				GCC_C_LANGUAGE_STANDARD = gnu17;
				GCC_DYNAMIC_NO_PIC = NO;
				GCC_NO_COMMON_BLOCKS = YES;
				GCC_OPTIMIZATION_LEVEL = 0;
				GCC_PREPROCESSOR_DEFINITIONS = (
					"DEBUG=1",
					"$(inherited)",
				);
				GCC_WARN_64_TO_32_BIT_CONVERSION = YES;
				GCC_WARN_ABOUT_RETURN_TYPE = YES_ERROR;
				GCC_WARN_UNDECLARED_SELECTOR = YES;
				GCC_WARN_UNINITIALIZED_AUTOS = YES_AGGRESSIVE;
				GCC_WARN_UNUSED_FUNCTION = YES;
				GCC_WARN_UNUSED_VARIABLE = YES;
				IPHONEOS_DEPLOYMENT_TARGET = 17.5;
				LOCALIZATION_PREFERS_STRING_CATALOGS = YES;
				MTL_ENABLE_DEBUG_INFO = INCLUDE_SOURCE;
				MTL_FAST_MATH = YES;
				ONLY_ACTIVE_ARCH = YES;
				SDKROOT = iphoneos;
				SWIFT_ACTIVE_COMPILATION_CONDITIONS = "DEBUG $(inherited)";
				SWIFT_OPTIMIZATION_LEVEL = "-Onone";
			};
			name = Debug;
		};
		555D00B72C650A3500D63128 /* Release */ = {
			isa = XCBuildConfiguration;
			buildSettings = {
				ALWAYS_SEARCH_USER_PATHS = NO;
				ASSETCATALOG_COMPILER_GENERATE_SWIFT_ASSET_SYMBOL_EXTENSIONS = YES;
				CLANG_ANALYZER_NONNULL = YES;
				CLANG_ANALYZER_NUMBER_OBJECT_CONVERSION = YES_AGGRESSIVE;
				CLANG_CXX_LANGUAGE_STANDARD = "gnu++20";
				CLANG_ENABLE_MODULES = YES;
				CLANG_ENABLE_OBJC_ARC = YES;
				CLANG_ENABLE_OBJC_WEAK = YES;
				CLANG_WARN_BLOCK_CAPTURE_AUTORELEASING = YES;
				CLANG_WARN_BOOL_CONVERSION = YES;
				CLANG_WARN_COMMA = YES;
				CLANG_WARN_CONSTANT_CONVERSION = YES;
				CLANG_WARN_DEPRECATED_OBJC_IMPLEMENTATIONS = YES;
				CLANG_WARN_DIRECT_OBJC_ISA_USAGE = YES_ERROR;
				CLANG_WARN_DOCUMENTATION_COMMENTS = YES;
				CLANG_WARN_EMPTY_BODY = YES;
				CLANG_WARN_ENUM_CONVERSION = YES;
				CLANG_WARN_INFINITE_RECURSION = YES;
				CLANG_WARN_INT_CONVERSION = YES;
				CLANG_WARN_NON_LITERAL_NULL_CONVERSION = YES;
				CLANG_WARN_OBJC_IMPLICIT_RETAIN_SELF = YES;
				CLANG_WARN_OBJC_LITERAL_CONVERSION = YES;
				CLANG_WARN_OBJC_ROOT_CLASS = YES_ERROR;
				CLANG_WARN_QUOTED_INCLUDE_IN_FRAMEWORK_HEADER = YES;
				CLANG_WARN_RANGE_LOOP_ANALYSIS = YES;
				CLANG_WARN_STRICT_PROTOTYPES = YES;
				CLANG_WARN_SUSPICIOUS_MOVE = YES;
				CLANG_WARN_UNGUARDED_AVAILABILITY = YES_AGGRESSIVE;
				CLANG_WARN_UNREACHABLE_CODE = YES;
				CLANG_WARN__DUPLICATE_METHOD_MATCH = YES;
				COPY_PHASE_STRIP = NO;
				DEBUG_INFORMATION_FORMAT = "dwarf-with-dsym";
				ENABLE_NS_ASSERTIONS = NO;
				ENABLE_STRICT_OBJC_MSGSEND = YES;
				ENABLE_USER_SCRIPT_SANDBOXING = YES;
				GCC_C_LANGUAGE_STANDARD = gnu17;
				GCC_NO_COMMON_BLOCKS = YES;
				GCC_WARN_64_TO_32_BIT_CONVERSION = YES;
				GCC_WARN_ABOUT_RETURN_TYPE = YES_ERROR;
				GCC_WARN_UNDECLARED_SELECTOR = YES;
				GCC_WARN_UNINITIALIZED_AUTOS = YES_AGGRESSIVE;
				GCC_WARN_UNUSED_FUNCTION = YES;
				GCC_WARN_UNUSED_VARIABLE = YES;
				IPHONEOS_DEPLOYMENT_TARGET = 17.5;
				LOCALIZATION_PREFERS_STRING_CATALOGS = YES;
				MTL_ENABLE_DEBUG_INFO = NO;
				MTL_FAST_MATH = YES;
				SDKROOT = iphoneos;
				SWIFT_COMPILATION_MODE = wholemodule;
				VALIDATE_PRODUCT = YES;
			};
			name = Release;
		};
		555D00B92C650A3500D63128 /* Debug */ = {
			isa = XCBuildConfiguration;
			buildSettings = {
				ASSETCATALOG_COMPILER_APPICON_NAME = AppIcon;
				ASSETCATALOG_COMPILER_GLOBAL_ACCENT_COLOR_NAME = AccentColor;
				CODE_SIGN_STYLE = Automatic;
				CURRENT_PROJECT_VERSION = 1;
				DEVELOPMENT_ASSET_PATHS = "\"ttakhandae/Preview Content\"";
				DEVELOPMENT_TEAM = 7V4779Q2XR;
				ENABLE_PREVIEWS = YES;
				GENERATE_INFOPLIST_FILE = YES;
				INFOPLIST_KEY_CFBundleDisplayName = "딱 한대 (담배 줄이기)";
				INFOPLIST_KEY_LSApplicationCategoryType = "public.app-category.healthcare-fitness";
				INFOPLIST_KEY_UIApplicationSceneManifest_Generation = YES;
				INFOPLIST_KEY_UIApplicationSupportsIndirectInputEvents = YES;
				INFOPLIST_KEY_UILaunchScreen_Generation = YES;
				INFOPLIST_KEY_UISupportedInterfaceOrientations_iPad = "UIInterfaceOrientationPortrait UIInterfaceOrientationPortraitUpsideDown UIInterfaceOrientationLandscapeLeft UIInterfaceOrientationLandscapeRight";
				INFOPLIST_KEY_UISupportedInterfaceOrientations_iPhone = "UIInterfaceOrientationPortrait UIInterfaceOrientationLandscapeLeft UIInterfaceOrientationLandscapeRight";
				LD_RUNPATH_SEARCH_PATHS = (
					"$(inherited)",
					"@executable_path/Frameworks",
				);
				MARKETING_VERSION = 1.0;
				PRODUCT_BUNDLE_IDENTIFIER = dgh06175.ttakhandae;
				PRODUCT_NAME = "$(TARGET_NAME)";
				SWIFT_EMIT_LOC_STRINGS = YES;
				SWIFT_VERSION = 5.0;
				TARGETED_DEVICE_FAMILY = "1,2";
			};
			name = Debug;
		};
		555D00BA2C650A3500D63128 /* Release */ = {
			isa = XCBuildConfiguration;
			buildSettings = {
				ASSETCATALOG_COMPILER_APPICON_NAME = AppIcon;
				ASSETCATALOG_COMPILER_GLOBAL_ACCENT_COLOR_NAME = AccentColor;
				CODE_SIGN_STYLE = Automatic;
				CURRENT_PROJECT_VERSION = 1;
				DEVELOPMENT_ASSET_PATHS = "\"ttakhandae/Preview Content\"";
				DEVELOPMENT_TEAM = 7V4779Q2XR;
				ENABLE_PREVIEWS = YES;
				GENERATE_INFOPLIST_FILE = YES;
				INFOPLIST_KEY_CFBundleDisplayName = "딱 한대 (담배 줄이기)";
				INFOPLIST_KEY_LSApplicationCategoryType = "public.app-category.healthcare-fitness";
				INFOPLIST_KEY_UIApplicationSceneManifest_Generation = YES;
				INFOPLIST_KEY_UIApplicationSupportsIndirectInputEvents = YES;
				INFOPLIST_KEY_UILaunchScreen_Generation = YES;
				INFOPLIST_KEY_UISupportedInterfaceOrientations_iPad = "UIInterfaceOrientationPortrait UIInterfaceOrientationPortraitUpsideDown UIInterfaceOrientationLandscapeLeft UIInterfaceOrientationLandscapeRight";
				INFOPLIST_KEY_UISupportedInterfaceOrientations_iPhone = "UIInterfaceOrientationPortrait UIInterfaceOrientationLandscapeLeft UIInterfaceOrientationLandscapeRight";
				LD_RUNPATH_SEARCH_PATHS = (
					"$(inherited)",
					"@executable_path/Frameworks",
				);
				MARKETING_VERSION = 1.0;
				PRODUCT_BUNDLE_IDENTIFIER = dgh06175.ttakhandae;
				PRODUCT_NAME = "$(TARGET_NAME)";
				SWIFT_EMIT_LOC_STRINGS = YES;
				SWIFT_VERSION = 5.0;
				TARGETED_DEVICE_FAMILY = "1,2";
			};
			name = Release;
		};
/* End XCBuildConfiguration section */

/* Begin XCConfigurationList section */
		555D00A32C650A3400D63128 /* Build configuration list for PBXProject "ttakhandae" */ = {
			isa = XCConfigurationList;
			buildConfigurations = (
				555D00B62C650A3500D63128 /* Debug */,
				555D00B72C650A3500D63128 /* Release */,
			);
			defaultConfigurationIsVisible = 0;
			defaultConfigurationName = Release;
		};
		555D00B82C650A3500D63128 /* Build configuration list for PBXNativeTarget "ttakhandae" */ = {
			isa = XCConfigurationList;
			buildConfigurations = (
				555D00B92C650A3500D63128 /* Debug */,
				555D00BA2C650A3500D63128 /* Release */,
			);
			defaultConfigurationIsVisible = 0;
			defaultConfigurationName = Release;
		};
/* End XCConfigurationList section */
	};
	rootObject = 555D00A02C650A3400D63128 /* Project object */;
}
